
Microsoft Visual Studio Solution File, Format Version 12.00
# Visual Studio 15
VisualStudioVersion = 15.0.28010.2048
MinimumVisualStudioVersion = 10.0.40219.1
Project("{FAE04EC0-301F-11D3-BF4B-00C04F79EFBC}") = "DeckShuffleApp", "DeckShuffleApp\DeckShuffleApp.csproj", "{01C37F60-F013-48F6-99D2-C70F1D4E0B98}"
EndProject
Global
	GlobalSection(SolutionConfigurationPlatforms) = preSolution
		Debug|Any CPU = Debug|Any CPU
		Release|Any CPU = Release|Any CPU
	EndGlobalSection
	GlobalSection(ProjectConfigurationPlatforms) = postSolution
		{01C37F60-F013-48F6-99D2-C70F1D4E0B98}.Debug|Any CPU.ActiveCfg = Debug|Any CPU
		{01C37F60-F013-48F6-99D2-C70F1D4E0B98}.Debug|Any CPU.Build.0 = Debug|Any CPU
		{01C37F60-F013-48F6-99D2-C70F1D4E0B98}.Release|Any CPU.ActiveCfg = Release|Any CPU
		{01C37F60-F013-48F6-99D2-C70F1D4E0B98}.Release|Any CPU.Build.0 = Release|Any CPU
	EndGlobalSection
	GlobalSection(SolutionProperties) = preSolution
		HideSolutionNode = FALSE
	EndGlobalSection
	GlobalSection(ExtensibilityGlobals) = postSolution
		SolutionGuid = {EB233B8E-C834-4237-9EC5-5028FA72F4EB}
	EndGlobalSection
EndGlobal
