
Microsoft Visual Studio Solution File, Format Version 12.00
# Visual Studio Version 16
VisualStudioVersion = 16.0.29201.188
MinimumVisualStudioVersion = 10.0.40219.1
Project("{FAE04EC0-301F-11D3-BF4B-00C04F79EFBC}") = "GrepTool", "GrepTool\GrepTool.csproj", "{C5B90E04-FD3C-440A-835B-84313E6B7DBA}"
EndProject
Project("{FAE04EC0-301F-11D3-BF4B-00C04F79EFBC}") = "PalindromeApp", "PalindromeApp\PalindromeApp.csproj", "{DBDF474F-7B35-4C40-9504-EBA2DA1B2088}"
EndProject
Project("{FAE04EC0-301F-11D3-BF4B-00C04F79EFBC}") = "VowelChecker", "VoulChecker\VowelChecker.csproj", "{7226F529-8EED-469B-B9EA-0A29964E96E0}"
EndProject
Project("{FAE04EC0-301F-11D3-BF4B-00C04F79EFBC}") = "ToDoList", "ToDoList\ToDoList.csproj", "{2FC42764-E840-402A-A655-F2A0C20DB809}"
EndProject
Project("{FAE04EC0-301F-11D3-BF4B-00C04F79EFBC}") = "NoteBookApp", "NoteBookApp\NoteBookApp.csproj", "{E4B67494-70A0-4F39-80A5-F99F7EC9BF41}"
EndProject
Project("{FAE04EC0-301F-11D3-BF4B-00C04F79EFBC}") = "PracticalTest2017", "PracticalTest2017\PracticalTest2017.csproj", "{778B97A6-CAF4-4868-868E-641E0D0310D0}"
EndProject
Project("{FAE04EC0-301F-11D3-BF4B-00C04F79EFBC}") = "PraticalTestSolution_2016", "PraticalTestSolution_2016\PraticalTestSolution_2016.csproj", "{A91C8E88-8AD9-4959-B3C1-11E75E65B624}"
EndProject
Project("{FAE04EC0-301F-11D3-BF4B-00C04F79EFBC}") = "CardGameApp", "CardGameApp\CardGameApp.csproj", "{41E8433A-8C91-4957-90AC-7381F86C6891}"
EndProject
Project("{FAE04EC0-301F-11D3-BF4B-00C04F79EFBC}") = "TIMERAPP", "TIMERAPP\TIMERAPP.csproj", "{961B9DFC-FF6D-43C1-B108-F306C30CDF27}"
EndProject
Project("{FAE04EC0-301F-11D3-BF4B-00C04F79EFBC}") = "DeckShuffleApp", "DeckShuffleApp\DeckShuffleApp\DeckShuffleApp.csproj", "{01C37F60-F013-48F6-99D2-C70F1D4E0B98}"
EndProject
Global
	GlobalSection(SolutionConfigurationPlatforms) = preSolution
		Debug|Any CPU = Debug|Any CPU
		Release|Any CPU = Release|Any CPU
	EndGlobalSection
	GlobalSection(ProjectConfigurationPlatforms) = postSolution
		{C5B90E04-FD3C-440A-835B-84313E6B7DBA}.Debug|Any CPU.ActiveCfg = Debug|Any CPU
		{C5B90E04-FD3C-440A-835B-84313E6B7DBA}.Debug|Any CPU.Build.0 = Debug|Any CPU
		{C5B90E04-FD3C-440A-835B-84313E6B7DBA}.Release|Any CPU.ActiveCfg = Release|Any CPU
		{C5B90E04-FD3C-440A-835B-84313E6B7DBA}.Release|Any CPU.Build.0 = Release|Any CPU
		{DBDF474F-7B35-4C40-9504-EBA2DA1B2088}.Debug|Any CPU.ActiveCfg = Debug|Any CPU
		{DBDF474F-7B35-4C40-9504-EBA2DA1B2088}.Debug|Any CPU.Build.0 = Debug|Any CPU
		{DBDF474F-7B35-4C40-9504-EBA2DA1B2088}.Release|Any CPU.ActiveCfg = Release|Any CPU
		{DBDF474F-7B35-4C40-9504-EBA2DA1B2088}.Release|Any CPU.Build.0 = Release|Any CPU
		{7226F529-8EED-469B-B9EA-0A29964E96E0}.Debug|Any CPU.ActiveCfg = Debug|Any CPU
		{7226F529-8EED-469B-B9EA-0A29964E96E0}.Debug|Any CPU.Build.0 = Debug|Any CPU
		{7226F529-8EED-469B-B9EA-0A29964E96E0}.Release|Any CPU.ActiveCfg = Release|Any CPU
		{7226F529-8EED-469B-B9EA-0A29964E96E0}.Release|Any CPU.Build.0 = Release|Any CPU
		{2FC42764-E840-402A-A655-F2A0C20DB809}.Debug|Any CPU.ActiveCfg = Debug|Any CPU
		{2FC42764-E840-402A-A655-F2A0C20DB809}.Debug|Any CPU.Build.0 = Debug|Any CPU
		{2FC42764-E840-402A-A655-F2A0C20DB809}.Release|Any CPU.ActiveCfg = Release|Any CPU
		{2FC42764-E840-402A-A655-F2A0C20DB809}.Release|Any CPU.Build.0 = Release|Any CPU
		{E4B67494-70A0-4F39-80A5-F99F7EC9BF41}.Debug|Any CPU.ActiveCfg = Debug|Any CPU
		{E4B67494-70A0-4F39-80A5-F99F7EC9BF41}.Debug|Any CPU.Build.0 = Debug|Any CPU
		{E4B67494-70A0-4F39-80A5-F99F7EC9BF41}.Release|Any CPU.ActiveCfg = Release|Any CPU
		{E4B67494-70A0-4F39-80A5-F99F7EC9BF41}.Release|Any CPU.Build.0 = Release|Any CPU
		{778B97A6-CAF4-4868-868E-641E0D0310D0}.Debug|Any CPU.ActiveCfg = Debug|Any CPU
		{778B97A6-CAF4-4868-868E-641E0D0310D0}.Debug|Any CPU.Build.0 = Debug|Any CPU
		{778B97A6-CAF4-4868-868E-641E0D0310D0}.Release|Any CPU.ActiveCfg = Release|Any CPU
		{778B97A6-CAF4-4868-868E-641E0D0310D0}.Release|Any CPU.Build.0 = Release|Any CPU
		{A91C8E88-8AD9-4959-B3C1-11E75E65B624}.Debug|Any CPU.ActiveCfg = Debug|Any CPU
		{A91C8E88-8AD9-4959-B3C1-11E75E65B624}.Debug|Any CPU.Build.0 = Debug|Any CPU
		{A91C8E88-8AD9-4959-B3C1-11E75E65B624}.Release|Any CPU.ActiveCfg = Release|Any CPU
		{A91C8E88-8AD9-4959-B3C1-11E75E65B624}.Release|Any CPU.Build.0 = Release|Any CPU
		{41E8433A-8C91-4957-90AC-7381F86C6891}.Debug|Any CPU.ActiveCfg = Debug|Any CPU
		{41E8433A-8C91-4957-90AC-7381F86C6891}.Debug|Any CPU.Build.0 = Debug|Any CPU
		{41E8433A-8C91-4957-90AC-7381F86C6891}.Release|Any CPU.ActiveCfg = Release|Any CPU
		{41E8433A-8C91-4957-90AC-7381F86C6891}.Release|Any CPU.Build.0 = Release|Any CPU
		{961B9DFC-FF6D-43C1-B108-F306C30CDF27}.Debug|Any CPU.ActiveCfg = Debug|Any CPU
		{961B9DFC-FF6D-43C1-B108-F306C30CDF27}.Debug|Any CPU.Build.0 = Debug|Any CPU
		{961B9DFC-FF6D-43C1-B108-F306C30CDF27}.Release|Any CPU.ActiveCfg = Release|Any CPU
		{961B9DFC-FF6D-43C1-B108-F306C30CDF27}.Release|Any CPU.Build.0 = Release|Any CPU
		{01C37F60-F013-48F6-99D2-C70F1D4E0B98}.Debug|Any CPU.ActiveCfg = Debug|Any CPU
		{01C37F60-F013-48F6-99D2-C70F1D4E0B98}.Debug|Any CPU.Build.0 = Debug|Any CPU
		{01C37F60-F013-48F6-99D2-C70F1D4E0B98}.Release|Any CPU.ActiveCfg = Release|Any CPU
		{01C37F60-F013-48F6-99D2-C70F1D4E0B98}.Release|Any CPU.Build.0 = Release|Any CPU
	EndGlobalSection
	GlobalSection(SolutionProperties) = preSolution
		HideSolutionNode = FALSE
	EndGlobalSection
	GlobalSection(ExtensibilityGlobals) = postSolution
		SolutionGuid = {1F1A5609-6B71-4C15-A305-B2438F991FAE}
	EndGlobalSection
EndGlobal
